// !$*UTF8*$!
{
	archiveVersion = 1;
	classes = {
	};
	objectVersion = 56;
	objects = {

/* Begin PBXBuildFile section */
		189E4F2F2B9750CF00972C5F /* AppDelegate.swift in Sources */ = {isa = PBXBuildFile; fileRef = 189E4F2E2B9750CF00972C5F /* AppDelegate.swift */; };
		189E4F312B9750CF00972C5F /* SceneDelegate.swift in Sources */ = {isa = PBXBuildFile; fileRef = 189E4F302B9750CF00972C5F /* SceneDelegate.swift */; };
		189E4F332B9750CF00972C5F /* ViewController.swift in Sources */ = {isa = PBXBuildFile; fileRef = 189E4F322B9750CF00972C5F /* ViewController.swift */; };
		189E4F382B9750D200972C5F /* Assets.xcassets in Resources */ = {isa = PBXBuildFile; fileRef = 189E4F372B9750D200972C5F /* Assets.xcassets */; };
		189E4F3B2B9750D200972C5F /* LaunchScreen.storyboard in Resources */ = {isa = PBXBuildFile; fileRef = 189E4F392B9750D200972C5F /* LaunchScreen.storyboard */; };
		189E4F482B9F0C3A00972C5F /* SecondViewController.swift in Sources */ = {isa = PBXBuildFile; fileRef = 189E4F472B9F0C3A00972C5F /* SecondViewController.swift */; };
		189E4F4A2B9F0C5700972C5F /* FirstViewController.swift in Sources */ = {isa = PBXBuildFile; fileRef = 189E4F492B9F0C5700972C5F /* FirstViewController.swift */; };
		189E4F4C2B9F0C6B00972C5F /* ThirdViewController.swift in Sources */ = {isa = PBXBuildFile; fileRef = 189E4F4B2B9F0C6B00972C5F /* ThirdViewController.swift */; };
		189E4F4F2B9F0D1700972C5F /* MyProcols.swift in Sources */ = {isa = PBXBuildFile; fileRef = 189E4F4E2B9F0D1700972C5F /* MyProcols.swift */; };
		189E4F522B9F1CA000972C5F /* MakerView.swift in Sources */ = {isa = PBXBuildFile; fileRef = 189E4F512B9F1CA000972C5F /* MakerView.swift */; };
		189E4F552B9F1DF400972C5F /* Color.swift in Sources */ = {isa = PBXBuildFile; fileRef = 189E4F542B9F1DF400972C5F /* Color.swift */; };
/* End PBXBuildFile section */

/* Begin PBXFileReference section */
		189E4F2B2B9750CF00972C5F /* 4month8lesson.app */ = {isa = PBXFileReference; explicitFileType = wrapper.application; includeInIndex = 0; path = 4month8lesson.app; sourceTree = BUILT_PRODUCTS_DIR; };
		189E4F2E2B9750CF00972C5F /* AppDelegate.swift */ = {isa = PBXFileReference; lastKnownFileType = sourcecode.swift; path = AppDelegate.swift; sourceTree = "<group>"; };
		189E4F302B9750CF00972C5F /* SceneDelegate.swift */ = {isa = PBXFileReference; lastKnownFileType = sourcecode.swift; path = SceneDelegate.swift; sourceTree = "<group>"; };
		189E4F322B9750CF00972C5F /* ViewController.swift */ = {isa = PBXFileReference; lastKnownFileType = sourcecode.swift; path = ViewController.swift; sourceTree = "<group>"; };
		189E4F372B9750D200972C5F /* Assets.xcassets */ = {isa = PBXFileReference; lastKnownFileType = folder.assetcatalog; path = Assets.xcassets; sourceTree = "<group>"; };
		189E4F3A2B9750D200972C5F /* Base */ = {isa = PBXFileReference; lastKnownFileType = file.storyboard; name = Base; path = Base.lproj/LaunchScreen.storyboard; sourceTree = "<group>"; };
		189E4F3C2B9750D200972C5F /* Info.plist */ = {isa = PBXFileReference; lastKnownFileType = text.plist.xml; path = Info.plist; sourceTree = "<group>"; };
		189E4F472B9F0C3A00972C5F /* SecondViewController.swift */ = {isa = PBXFileReference; lastKnownFileType = sourcecode.swift; path = SecondViewController.swift; sourceTree = "<group>"; };
		189E4F492B9F0C5700972C5F /* FirstViewController.swift */ = {isa = PBXFileReference; lastKnownFileType = sourcecode.swift; path = FirstViewController.swift; sourceTree = "<group>"; };
		189E4F4B2B9F0C6B00972C5F /* ThirdViewController.swift */ = {isa = PBXFileReference; lastKnownFileType = sourcecode.swift; path = ThirdViewController.swift; sourceTree = "<group>"; };
		189E4F4E2B9F0D1700972C5F /* MyProcols.swift */ = {isa = PBXFileReference; lastKnownFileType = sourcecode.swift; path = MyProcols.swift; sourceTree = "<group>"; };
		189E4F512B9F1CA000972C5F /* MakerView.swift */ = {isa = PBXFileReference; lastKnownFileType = sourcecode.swift; path = MakerView.swift; sourceTree = "<group>"; };
		189E4F542B9F1DF400972C5F /* Color.swift */ = {isa = PBXFileReference; lastKnownFileType = sourcecode.swift; path = Color.swift; sourceTree = "<group>"; };
/* End PBXFileReference section */

/* Begin PBXFrameworksBuildPhase section */
		189E4F282B9750CF00972C5F /* Frameworks */ = {
			isa = PBXFrameworksBuildPhase;
			buildActionMask = 2147483647;
			files = (
			);
			runOnlyForDeploymentPostprocessing = 0;
		};
/* End PBXFrameworksBuildPhase section */

/* Begin PBXGroup section */
		189E4F222B9750CF00972C5F = {
			isa = PBXGroup;
			children = (
				189E4F2D2B9750CF00972C5F /* 4month8lesson */,
				189E4F2C2B9750CF00972C5F /* Products */,
			);
			sourceTree = "<group>";
		};
		189E4F2C2B9750CF00972C5F /* Products */ = {
			isa = PBXGroup;
			children = (
				189E4F2B2B9750CF00972C5F /* 4month8lesson.app */,
			);
			name = Products;
			sourceTree = "<group>";
		};
		189E4F2D2B9750CF00972C5F /* 4month8lesson */ = {
			isa = PBXGroup;
			children = (
				189E4F422B9F015A00972C5F /* App */,
				189E4F502B9F1C7B00972C5F /* MakerView */,
				189E4F432B9F016E00972C5F /* Views */,
				189E4F4D2B9F0CE400972C5F /* Protocols */,
				189E4F532B9F1DD600972C5F /* Recource */,
				189E4F3C2B9750D200972C5F /* Info.plist */,
			);
			path = 4month8lesson;
			sourceTree = "<group>";
		};
		189E4F422B9F015A00972C5F /* App */ = {
			isa = PBXGroup;
			children = (
				189E4F2E2B9750CF00972C5F /* AppDelegate.swift */,
				189E4F302B9750CF00972C5F /* SceneDelegate.swift */,
			);
			path = App;
			sourceTree = "<group>";
		};
		189E4F432B9F016E00972C5F /* Views */ = {
			isa = PBXGroup;
			children = (
				189E4F322B9750CF00972C5F /* ViewController.swift */,
				189E4F492B9F0C5700972C5F /* FirstViewController.swift */,
				189E4F472B9F0C3A00972C5F /* SecondViewController.swift */,
				189E4F4B2B9F0C6B00972C5F /* ThirdViewController.swift */,
			);
			path = Views;
			sourceTree = "<group>";
		};
		189E4F4D2B9F0CE400972C5F /* Protocols */ = {
			isa = PBXGroup;
			children = (
				189E4F4E2B9F0D1700972C5F /* MyProcols.swift */,
			);
			path = Protocols;
			sourceTree = "<group>";
		};
		189E4F502B9F1C7B00972C5F /* MakerView */ = {
			isa = PBXGroup;
			children = (
				189E4F512B9F1CA000972C5F /* MakerView.swift */,
			);
			path = MakerView;
			sourceTree = "<group>";
		};
		189E4F532B9F1DD600972C5F /* Recource */ = {
			isa = PBXGroup;
			children = (
				189E4F542B9F1DF400972C5F /* Color.swift */,
				189E4F372B9750D200972C5F /* Assets.xcassets */,
				189E4F392B9750D200972C5F /* LaunchScreen.storyboard */,
			);
			path = Recource;
			sourceTree = "<group>";
		};
/* End PBXGroup section */

/* Begin PBXNativeTarget section */
		189E4F2A2B9750CF00972C5F /* 4month8lesson */ = {
			isa = PBXNativeTarget;
			buildConfigurationList = 189E4F3F2B9750D200972C5F /* Build configuration list for PBXNativeTarget "4month8lesson" */;
			buildPhases = (
				189E4F272B9750CF00972C5F /* Sources */,
				189E4F282B9750CF00972C5F /* Frameworks */,
				189E4F292B9750CF00972C5F /* Resources */,
			);
			buildRules = (
			);
			dependencies = (
			);
			name = 4month8lesson;
			productName = 4month8lesson;
			productReference = 189E4F2B2B9750CF00972C5F /* 4month8lesson.app */;
			productType = "com.apple.product-type.application";
		};
/* End PBXNativeTarget section */

/* Begin PBXProject section */
		189E4F232B9750CF00972C5F /* Project object */ = {
			isa = PBXProject;
			attributes = {
				BuildIndependentTargetsInParallel = 1;
				LastSwiftUpdateCheck = 1520;
				LastUpgradeCheck = 1520;
				TargetAttributes = {
					189E4F2A2B9750CF00972C5F = {
						CreatedOnToolsVersion = 15.2;
					};
				};
			};
			buildConfigurationList = 189E4F262B9750CF00972C5F /* Build configuration list for PBXProject "4month8lesson" */;
			compatibilityVersion = "Xcode 14.0";
			developmentRegion = en;
			hasScannedForEncodings = 0;
			knownRegions = (
				en,
				Base,
			);
			mainGroup = 189E4F222B9750CF00972C5F;
			productRefGroup = 189E4F2C2B9750CF00972C5F /* Products */;
			projectDirPath = "";
			projectRoot = "";
			targets = (
				189E4F2A2B9750CF00972C5F /* 4month8lesson */,
			);
		};
/* End PBXProject section */

/* Begin PBXResourcesBuildPhase section */
		189E4F292B9750CF00972C5F /* Resources */ = {
			isa = PBXResourcesBuildPhase;
			buildActionMask = 2147483647;
			files = (
				189E4F3B2B9750D200972C5F /* LaunchScreen.storyboard in Resources */,
				189E4F382B9750D200972C5F /* Assets.xcassets in Resources */,
			);
			runOnlyForDeploymentPostprocessing = 0;
		};
/* End PBXResourcesBuildPhase section */

/* Begin PBXSourcesBuildPhase section */
		189E4F272B9750CF00972C5F /* Sources */ = {
			isa = PBXSourcesBuildPhase;
			buildActionMask = 2147483647;
			files = (
				189E4F4A2B9F0C5700972C5F /* FirstViewController.swift in Sources */,
				189E4F482B9F0C3A00972C5F /* SecondViewController.swift in Sources */,
				189E4F332B9750CF00972C5F /* ViewController.swift in Sources */,
				189E4F4F2B9F0D1700972C5F /* MyProcols.swift in Sources */,
				189E4F2F2B9750CF00972C5F /* AppDelegate.swift in Sources */,
				189E4F522B9F1CA000972C5F /* MakerView.swift in Sources */,
				189E4F4C2B9F0C6B00972C5F /* ThirdViewController.swift in Sources */,
				189E4F312B9750CF00972C5F /* SceneDelegate.swift in Sources */,
				189E4F552B9F1DF400972C5F /* Color.swift in Sources */,
			);
			runOnlyForDeploymentPostprocessing = 0;
		};
/* End PBXSourcesBuildPhase section */

/* Begin PBXVariantGroup section */
		189E4F392B9750D200972C5F /* LaunchScreen.storyboard */ = {
			isa = PBXVariantGroup;
			children = (
				189E4F3A2B9750D200972C5F /* Base */,
			);
			name = LaunchScreen.storyboard;
			sourceTree = "<group>";
		};
/* End PBXVariantGroup section */

/* Begin XCBuildConfiguration section */
		189E4F3D2B9750D200972C5F /* Debug */ = {
			isa = XCBuildConfiguration;
			buildSettings = {
				ALWAYS_SEARCH_USER_PATHS = NO;
				ASSETCATALOG_COMPILER_GENERATE_SWIFT_ASSET_SYMBOL_EXTENSIONS = YES;
				CLANG_ANALYZER_NONNULL = YES;
				CLANG_ANALYZER_NUMBER_OBJECT_CONVERSION = YES_AGGRESSIVE;
				CLANG_CXX_LANGUAGE_STANDARD = "gnu++20";
				CLANG_ENABLE_MODULES = YES;
				CLANG_ENABLE_OBJC_ARC = YES;
				CLANG_ENABLE_OBJC_WEAK = YES;
				CLANG_WARN_BLOCK_CAPTURE_AUTORELEASING = YES;
				CLANG_WARN_BOOL_CONVERSION = YES;
				CLANG_WARN_COMMA = YES;
				CLANG_WARN_CONSTANT_CONVERSION = YES;
				CLANG_WARN_DEPRECATED_OBJC_IMPLEMENTATIONS = YES;
				CLANG_WARN_DIRECT_OBJC_ISA_USAGE = YES_ERROR;
				CLANG_WARN_DOCUMENTATION_COMMENTS = YES;
				CLANG_WARN_EMPTY_BODY = YES;
				CLANG_WARN_ENUM_CONVERSION = YES;
				CLANG_WARN_INFINITE_RECURSION = YES;
				CLANG_WARN_INT_CONVERSION = YES;
				CLANG_WARN_NON_LITERAL_NULL_CONVERSION = YES;
				CLANG_WARN_OBJC_IMPLICIT_RETAIN_SELF = YES;
				CLANG_WARN_OBJC_LITERAL_CONVERSION = YES;
				CLANG_WARN_OBJC_ROOT_CLASS = YES_ERROR;
				CLANG_WARN_QUOTED_INCLUDE_IN_FRAMEWORK_HEADER = YES;
				CLANG_WARN_RANGE_LOOP_ANALYSIS = YES;
				CLANG_WARN_STRICT_PROTOTYPES = YES;
				CLANG_WARN_SUSPICIOUS_MOVE = YES;
				CLANG_WARN_UNGUARDED_AVAILABILITY = YES_AGGRESSIVE;
				CLANG_WARN_UNREACHABLE_CODE = YES;
				CLANG_WARN__DUPLICATE_METHOD_MATCH = YES;
				COPY_PHASE_STRIP = NO;
				DEBUG_INFORMATION_FORMAT = dwarf;
				ENABLE_STRICT_OBJC_MSGSEND = YES;
				ENABLE_TESTABILITY = YES;
				ENABLE_USER_SCRIPT_SANDBOXING = YES;
				GCC_C_LANGUAGE_STANDARD = gnu17;
				GCC_DYNAMIC_NO_PIC = NO;
				GCC_NO_COMMON_BLOCKS = YES;
				GCC_OPTIMIZATION_LEVEL = 0;
				GCC_PREPROCESSOR_DEFINITIONS = (
					"DEBUG=1",
					"$(inherited)",
				);
				GCC_WARN_64_TO_32_BIT_CONVERSION = YES;
				GCC_WARN_ABOUT_RETURN_TYPE = YES_ERROR;
				GCC_WARN_UNDECLARED_SELECTOR = YES;
				GCC_WARN_UNINITIALIZED_AUTOS = YES_AGGRESSIVE;
				GCC_WARN_UNUSED_FUNCTION = YES;
				GCC_WARN_UNUSED_VARIABLE = YES;
				IPHONEOS_DEPLOYMENT_TARGET = 15.4;
				LOCALIZATION_PREFERS_STRING_CATALOGS = YES;
				MTL_ENABLE_DEBUG_INFO = INCLUDE_SOURCE;
				MTL_FAST_MATH = YES;
				ONLY_ACTIVE_ARCH = YES;
				SDKROOT = iphoneos;
				SWIFT_ACTIVE_COMPILATION_CONDITIONS = "DEBUG $(inherited)";
				SWIFT_OPTIMIZATION_LEVEL = "-Onone";
			};
			name = Debug;
		};
		189E4F3E2B9750D200972C5F /* Release */ = {
			isa = XCBuildConfiguration;
			buildSettings = {
				ALWAYS_SEARCH_USER_PATHS = NO;
				ASSETCATALOG_COMPILER_GENERATE_SWIFT_ASSET_SYMBOL_EXTENSIONS = YES;
				CLANG_ANALYZER_NONNULL = YES;
				CLANG_ANALYZER_NUMBER_OBJECT_CONVERSION = YES_AGGRESSIVE;
				CLANG_CXX_LANGUAGE_STANDARD = "gnu++20";
				CLANG_ENABLE_MODULES = YES;
				CLANG_ENABLE_OBJC_ARC = YES;
				CLANG_ENABLE_OBJC_WEAK = YES;
				CLANG_WARN_BLOCK_CAPTURE_AUTORELEASING = YES;
				CLANG_WARN_BOOL_CONVERSION = YES;
				CLANG_WARN_COMMA = YES;
				CLANG_WARN_CONSTANT_CONVERSION = YES;
				CLANG_WARN_DEPRECATED_OBJC_IMPLEMENTATIONS = YES;
				CLANG_WARN_DIRECT_OBJC_ISA_USAGE = YES_ERROR;
				CLANG_WARN_DOCUMENTATION_COMMENTS = YES;
				CLANG_WARN_EMPTY_BODY = YES;
				CLANG_WARN_ENUM_CONVERSION = YES;
				CLANG_WARN_INFINITE_RECURSION = YES;
				CLANG_WARN_INT_CONVERSION = YES;
				CLANG_WARN_NON_LITERAL_NULL_CONVERSION = YES;
				CLANG_WARN_OBJC_IMPLICIT_RETAIN_SELF = YES;
				CLANG_WARN_OBJC_LITERAL_CONVERSION = YES;
				CLANG_WARN_OBJC_ROOT_CLASS = YES_ERROR;
				CLANG_WARN_QUOTED_INCLUDE_IN_FRAMEWORK_HEADER = YES;
				CLANG_WARN_RANGE_LOOP_ANALYSIS = YES;
				CLANG_WARN_STRICT_PROTOTYPES = YES;
				CLANG_WARN_SUSPICIOUS_MOVE = YES;
				CLANG_WARN_UNGUARDED_AVAILABILITY = YES_AGGRESSIVE;
				CLANG_WARN_UNREACHABLE_CODE = YES;
				CLANG_WARN__DUPLICATE_METHOD_MATCH = YES;
				COPY_PHASE_STRIP = NO;
				DEBUG_INFORMATION_FORMAT = "dwarf-with-dsym";
				ENABLE_NS_ASSERTIONS = NO;
				ENABLE_STRICT_OBJC_MSGSEND = YES;
				ENABLE_USER_SCRIPT_SANDBOXING = YES;
				GCC_C_LANGUAGE_STANDARD = gnu17;
				GCC_NO_COMMON_BLOCKS = YES;
				GCC_WARN_64_TO_32_BIT_CONVERSION = YES;
				GCC_WARN_ABOUT_RETURN_TYPE = YES_ERROR;
				GCC_WARN_UNDECLARED_SELECTOR = YES;
				GCC_WARN_UNINITIALIZED_AUTOS = YES_AGGRESSIVE;
				GCC_WARN_UNUSED_FUNCTION = YES;
				GCC_WARN_UNUSED_VARIABLE = YES;
				IPHONEOS_DEPLOYMENT_TARGET = 15.4;
				LOCALIZATION_PREFERS_STRING_CATALOGS = YES;
				MTL_ENABLE_DEBUG_INFO = NO;
				MTL_FAST_MATH = YES;
				SDKROOT = iphoneos;
				SWIFT_COMPILATION_MODE = wholemodule;
				VALIDATE_PRODUCT = YES;
			};
			name = Release;
		};
		189E4F402B9750D200972C5F /* Debug */ = {
			isa = XCBuildConfiguration;
			buildSettings = {
				ASSETCATALOG_COMPILER_APPICON_NAME = AppIcon;
				ASSETCATALOG_COMPILER_GLOBAL_ACCENT_COLOR_NAME = AccentColor;
				CODE_SIGN_STYLE = Automatic;
				CURRENT_PROJECT_VERSION = 1;
				GENERATE_INFOPLIST_FILE = YES;
				INFOPLIST_FILE = 4month8lesson/Info.plist;
				INFOPLIST_KEY_UIApplicationSupportsIndirectInputEvents = YES;
				INFOPLIST_KEY_UILaunchStoryboardName = LaunchScreen;
				INFOPLIST_KEY_UISupportedInterfaceOrientations_iPad = "UIInterfaceOrientationPortrait UIInterfaceOrientationPortraitUpsideDown UIInterfaceOrientationLandscapeLeft UIInterfaceOrientationLandscapeRight";
				INFOPLIST_KEY_UISupportedInterfaceOrientations_iPhone = "UIInterfaceOrientationPortrait UIInterfaceOrientationLandscapeLeft UIInterfaceOrientationLandscapeRight";
				LD_RUNPATH_SEARCH_PATHS = (
					"$(inherited)",
					"@executable_path/Frameworks",
				);
				MARKETING_VERSION = 1.0;
				PRODUCT_BUNDLE_IDENTIFIER = "omurbekov.-month8lesson";
				PRODUCT_NAME = "$(TARGET_NAME)";
				SWIFT_EMIT_LOC_STRINGS = YES;
				SWIFT_VERSION = 5.0;
				TARGETED_DEVICE_FAMILY = "1,2";
			};
			name = Debug;
		};
		189E4F412B9750D200972C5F /* Release */ = {
			isa = XCBuildConfiguration;
			buildSettings = {
				ASSETCATALOG_COMPILER_APPICON_NAME = AppIcon;
				ASSETCATALOG_COMPILER_GLOBAL_ACCENT_COLOR_NAME = AccentColor;
				CODE_SIGN_STYLE = Automatic;
				CURRENT_PROJECT_VERSION = 1;
				GENERATE_INFOPLIST_FILE = YES;
				INFOPLIST_FILE = 4month8lesson/Info.plist;
				INFOPLIST_KEY_UIApplicationSupportsIndirectInputEvents = YES;
				INFOPLIST_KEY_UILaunchStoryboardName = LaunchScreen;
				INFOPLIST_KEY_UISupportedInterfaceOrientations_iPad = "UIInterfaceOrientationPortrait UIInterfaceOrientationPortraitUpsideDown UIInterfaceOrientationLandscapeLeft UIInterfaceOrientationLandscapeRight";
				INFOPLIST_KEY_UISupportedInterfaceOrientations_iPhone = "UIInterfaceOrientationPortrait UIInterfaceOrientationLandscapeLeft UIInterfaceOrientationLandscapeRight";
				LD_RUNPATH_SEARCH_PATHS = (
					"$(inherited)",
					"@executable_path/Frameworks",
				);
				MARKETING_VERSION = 1.0;
				PRODUCT_BUNDLE_IDENTIFIER = "omurbekov.-month8lesson";
				PRODUCT_NAME = "$(TARGET_NAME)";
				SWIFT_EMIT_LOC_STRINGS = YES;
				SWIFT_VERSION = 5.0;
				TARGETED_DEVICE_FAMILY = "1,2";
			};
			name = Release;
		};
/* End XCBuildConfiguration section */

/* Begin XCConfigurationList section */
		189E4F262B9750CF00972C5F /* Build configuration list for PBXProject "4month8lesson" */ = {
			isa = XCConfigurationList;
			buildConfigurations = (
				189E4F3D2B9750D200972C5F /* Debug */,
				189E4F3E2B9750D200972C5F /* Release */,
			);
			defaultConfigurationIsVisible = 0;
			defaultConfigurationName = Release;
		};
		189E4F3F2B9750D200972C5F /* Build configuration list for PBXNativeTarget "4month8lesson" */ = {
			isa = XCConfigurationList;
			buildConfigurations = (
				189E4F402B9750D200972C5F /* Debug */,
				189E4F412B9750D200972C5F /* Release */,
			);
			defaultConfigurationIsVisible = 0;
			defaultConfigurationName = Release;
		};
/* End XCConfigurationList section */
	};
	rootObject = 189E4F232B9750CF00972C5F /* Project object */;
}
